
Microsoft Visual Studio Solution File, Format Version 12.00
# Visual Studio 15
VisualStudioVersion = 15.0.28307.757
MinimumVisualStudioVersion = 10.0.40219.1
Project("{FAE04EC0-301F-11D3-BF4B-00C04F79EFBC}") = "C Sharp 6.8", "C Sharp 6.8\C Sharp 6.8.csproj", "{ABF24DFB-050A-4356-AA11-489423B23CBE}"
EndProject
Global
	GlobalSection(SolutionConfigurationPlatforms) = preSolution
		Debug|Any CPU = Debug|Any CPU
		Release|Any CPU = Release|Any CPU
	EndGlobalSection
	GlobalSection(ProjectConfigurationPlatforms) = postSolution
		{ABF24DFB-050A-4356-AA11-489423B23CBE}.Debug|Any CPU.ActiveCfg = Debug|Any CPU
		{ABF24DFB-050A-4356-AA11-489423B23CBE}.Debug|Any CPU.Build.0 = Debug|Any CPU
		{ABF24DFB-050A-4356-AA11-489423B23CBE}.Release|Any CPU.ActiveCfg = Release|Any CPU
		{ABF24DFB-050A-4356-AA11-489423B23CBE}.Release|Any CPU.Build.0 = Release|Any CPU
	EndGlobalSection
	GlobalSection(SolutionProperties) = preSolution
		HideSolutionNode = FALSE
	EndGlobalSection
	GlobalSection(ExtensibilityGlobals) = postSolution
		SolutionGuid = {6A56DA3D-5C53-4705-8663-F7E321C67649}
	EndGlobalSection
EndGlobal
