
Microsoft Visual Studio Solution File, Format Version 12.00
# Visual Studio 15
VisualStudioVersion = 15.0.28307.757
MinimumVisualStudioVersion = 10.0.40219.1
Project("{FAE04EC0-301F-11D3-BF4B-00C04F79EFBC}") = "C Sharp 6.6", "C Sharp 6.6\C Sharp 6.6.csproj", "{2FEFA797-5087-4143-BAAE-ECFB34DB7CEC}"
EndProject
Global
	GlobalSection(SolutionConfigurationPlatforms) = preSolution
		Debug|Any CPU = Debug|Any CPU
		Release|Any CPU = Release|Any CPU
	EndGlobalSection
	GlobalSection(ProjectConfigurationPlatforms) = postSolution
		{2FEFA797-5087-4143-BAAE-ECFB34DB7CEC}.Debug|Any CPU.ActiveCfg = Debug|Any CPU
		{2FEFA797-5087-4143-BAAE-ECFB34DB7CEC}.Debug|Any CPU.Build.0 = Debug|Any CPU
		{2FEFA797-5087-4143-BAAE-ECFB34DB7CEC}.Release|Any CPU.ActiveCfg = Release|Any CPU
		{2FEFA797-5087-4143-BAAE-ECFB34DB7CEC}.Release|Any CPU.Build.0 = Release|Any CPU
	EndGlobalSection
	GlobalSection(SolutionProperties) = preSolution
		HideSolutionNode = FALSE
	EndGlobalSection
	GlobalSection(ExtensibilityGlobals) = postSolution
		SolutionGuid = {F27856A1-6291-41C9-A4D2-CB338EDD92CA}
	EndGlobalSection
EndGlobal
